
Microsoft Visual Studio Solution File, Format Version 12.00
# Visual Studio Version 17
VisualStudioVersion = 17.8.34408.163
MinimumVisualStudioVersion = 10.0.40219.1
Project("{9A19103F-16F7-4668-BE54-9A1E7A4F7556}") = "AutomobileLibrary", "AutomobileLibrary\AutomobileLibrary.csproj", "{96514696-5736-4C2B-98C3-8282CD79AA5D}"
EndProject
Project("{9A19103F-16F7-4668-BE54-9A1E7A4F7556}") = "AutomobileWinApp", "AutomobileWinApp\AutomobileWinApp.csproj", "{C8B50138-E8F8-438C-8C18-D138DC4BBF4D}"
EndProject
Global
	GlobalSection(SolutionConfigurationPlatforms) = preSolution
		Debug|Any CPU = Debug|Any CPU
		Release|Any CPU = Release|Any CPU
	EndGlobalSection
	GlobalSection(ProjectConfigurationPlatforms) = postSolution
		{96514696-5736-4C2B-98C3-8282CD79AA5D}.Debug|Any CPU.ActiveCfg = Debug|Any CPU
		{96514696-5736-4C2B-98C3-8282CD79AA5D}.Debug|Any CPU.Build.0 = Debug|Any CPU
		{96514696-5736-4C2B-98C3-8282CD79AA5D}.Release|Any CPU.ActiveCfg = Release|Any CPU
		{96514696-5736-4C2B-98C3-8282CD79AA5D}.Release|Any CPU.Build.0 = Release|Any CPU
		{C8B50138-E8F8-438C-8C18-D138DC4BBF4D}.Debug|Any CPU.ActiveCfg = Debug|Any CPU
		{C8B50138-E8F8-438C-8C18-D138DC4BBF4D}.Debug|Any CPU.Build.0 = Debug|Any CPU
		{C8B50138-E8F8-438C-8C18-D138DC4BBF4D}.Release|Any CPU.ActiveCfg = Release|Any CPU
		{C8B50138-E8F8-438C-8C18-D138DC4BBF4D}.Release|Any CPU.Build.0 = Release|Any CPU
	EndGlobalSection
	GlobalSection(SolutionProperties) = preSolution
		HideSolutionNode = FALSE
	EndGlobalSection
	GlobalSection(ExtensibilityGlobals) = postSolution
		SolutionGuid = {A2719D7E-0592-4DA8-99F2-AD78C7B4FA31}
	EndGlobalSection
EndGlobal
